
Microsoft Visual Studio Solution File, Format Version 12.00
# Visual Studio Version 17
VisualStudioVersion = 17.5.002.0
MinimumVisualStudioVersion = 10.0.40219.1
Project("{9A19103F-16F7-4668-BE54-9A1E7A4F7556}") = "Coisano", "Coisano\Coisano.csproj", "{907B144A-EF13-4FB9-A4C7-910D1BDB604F}"
EndProject
Global
	GlobalSection(SolutionConfigurationPlatforms) = preSolution
		Debug|Any CPU = Debug|Any CPU
		Release|Any CPU = Release|Any CPU
	EndGlobalSection
	GlobalSection(ProjectConfigurationPlatforms) = postSolution
		{907B144A-EF13-4FB9-A4C7-910D1BDB604F}.Debug|Any CPU.ActiveCfg = Debug|Any CPU
		{907B144A-EF13-4FB9-A4C7-910D1BDB604F}.Debug|Any CPU.Build.0 = Debug|Any CPU
		{907B144A-EF13-4FB9-A4C7-910D1BDB604F}.Release|Any CPU.ActiveCfg = Release|Any CPU
		{907B144A-EF13-4FB9-A4C7-910D1BDB604F}.Release|Any CPU.Build.0 = Release|Any CPU
	EndGlobalSection
	GlobalSection(SolutionProperties) = preSolution
		HideSolutionNode = FALSE
	EndGlobalSection
	GlobalSection(ExtensibilityGlobals) = postSolution
		SolutionGuid = {932EB81D-16E1-43B4-80EA-513FFEEFEFF6}
	EndGlobalSection
EndGlobal
